// !$*UTF8*$!
{
	archiveVersion = 1;
	classes = {
	};
	objectVersion = 46;
	objects = {

/* Begin PBXBuildFile section */
		17694E3C1CF0D89F00BAD615 /* SettingsTableViewController.swift in Sources */ = {isa = PBXBuildFile; fileRef = 17694E3B1CF0D89F00BAD615 /* SettingsTableViewController.swift */; };
		17694E3E1CF0FD2100BAD615 /* questions.swift in Sources */ = {isa = PBXBuildFile; fileRef = 17694E3D1CF0FD2100BAD615 /* questions.swift */; };
		177085991CEA4B9C00C189F8 /* AppDelegate.swift in Sources */ = {isa = PBXBuildFile; fileRef = 177085981CEA4B9C00C189F8 /* AppDelegate.swift */; };
		1770859B1CEA4B9C00C189F8 /* ViewController.swift in Sources */ = {isa = PBXBuildFile; fileRef = 1770859A1CEA4B9C00C189F8 /* ViewController.swift */; };
		1770859E1CEA4B9C00C189F8 /* Main.storyboard in Resources */ = {isa = PBXBuildFile; fileRef = 1770859C1CEA4B9C00C189F8 /* Main.storyboard */; };
		177085A01CEA4B9C00C189F8 /* Assets.xcassets in Resources */ = {isa = PBXBuildFile; fileRef = 1770859F1CEA4B9C00C189F8 /* Assets.xcassets */; };
		177085A31CEA4B9C00C189F8 /* LaunchScreen.storyboard in Resources */ = {isa = PBXBuildFile; fileRef = 177085A11CEA4B9C00C189F8 /* LaunchScreen.storyboard */; };
		177085AE1CEA4B9C00C189F8 /* speedingTests.swift in Sources */ = {isa = PBXBuildFile; fileRef = 177085AD1CEA4B9C00C189F8 /* speedingTests.swift */; };
		177085B91CEA4B9C00C189F8 /* speedingUITests.swift in Sources */ = {isa = PBXBuildFile; fileRef = 177085B81CEA4B9C00C189F8 /* speedingUITests.swift */; };
		1F2E3EE61D8DE89700E26000 /* Watch Extension.appex in Embed App Extensions */ = {isa = PBXBuildFile; fileRef = 1F2E3EE51D8DE89700E26000 /* Watch Extension.appex */; settings = {ATTRIBUTES = (RemoveHeadersOnCopy, ); }; };
/* End PBXBuildFile section */

/* Begin PBXContainerItemProxy section */
		177085AA1CEA4B9C00C189F8 /* PBXContainerItemProxy */ = {
			isa = PBXContainerItemProxy;
			containerPortal = 1770858D1CEA4B9C00C189F8 /* Project object */;
			proxyType = 1;
			remoteGlobalIDString = 177085941CEA4B9C00C189F8;
			remoteInfo = speeding;
		};
		177085B51CEA4B9C00C189F8 /* PBXContainerItemProxy */ = {
			isa = PBXContainerItemProxy;
			containerPortal = 1770858D1CEA4B9C00C189F8 /* Project object */;
			proxyType = 1;
			remoteGlobalIDString = 177085941CEA4B9C00C189F8;
			remoteInfo = speeding;
		};
		1F2E3EE71D8DE89700E26000 /* PBXContainerItemProxy */ = {
			isa = PBXContainerItemProxy;
			containerPortal = 1770858D1CEA4B9C00C189F8 /* Project object */;
			proxyType = 1;
			remoteGlobalIDString = 1F2E3EE41D8DE89700E26000;
			remoteInfo = "Watch Extension";
		};
/* End PBXContainerItemProxy section */

/* Begin PBXCopyFilesBuildPhase section */
		1F2E3EF71D8DE89700E26000 /* Embed App Extensions */ = {
			isa = PBXCopyFilesBuildPhase;
			buildActionMask = 2147483647;
			dstPath = "";
			dstSubfolderSpec = 13;
			files = (
				1F2E3EE61D8DE89700E26000 /* Watch Extension.appex in Embed App Extensions */,
			);
			name = "Embed App Extensions";
			runOnlyForDeploymentPostprocessing = 0;
		};
		1F2E3EFB1D8DE89700E26000 /* Embed Watch Content */ = {
			isa = PBXCopyFilesBuildPhase;
			buildActionMask = 2147483647;
			dstPath = "$(CONTENTS_FOLDER_PATH)/Watch";
			dstSubfolderSpec = 16;
			files = (
			);
			name = "Embed Watch Content";
			runOnlyForDeploymentPostprocessing = 0;
		};
/* End PBXCopyFilesBuildPhase section */

/* Begin PBXFileReference section */
		17694E3B1CF0D89F00BAD615 /* SettingsTableViewController.swift */ = {isa = PBXFileReference; fileEncoding = 4; lastKnownFileType = sourcecode.swift; path = SettingsTableViewController.swift; sourceTree = "<group>"; };
		17694E3D1CF0FD2100BAD615 /* questions.swift */ = {isa = PBXFileReference; fileEncoding = 4; lastKnownFileType = sourcecode.swift; path = questions.swift; sourceTree = "<group>"; };
		177085951CEA4B9C00C189F8 /* speeding.app */ = {isa = PBXFileReference; explicitFileType = wrapper.application; includeInIndex = 0; path = speeding.app; sourceTree = BUILT_PRODUCTS_DIR; };
		177085981CEA4B9C00C189F8 /* AppDelegate.swift */ = {isa = PBXFileReference; lastKnownFileType = sourcecode.swift; path = AppDelegate.swift; sourceTree = "<group>"; };
		1770859A1CEA4B9C00C189F8 /* ViewController.swift */ = {isa = PBXFileReference; lastKnownFileType = sourcecode.swift; path = ViewController.swift; sourceTree = "<group>"; };
		1770859D1CEA4B9C00C189F8 /* Base */ = {isa = PBXFileReference; lastKnownFileType = file.storyboard; name = Base; path = Base.lproj/Main.storyboard; sourceTree = "<group>"; };
		1770859F1CEA4B9C00C189F8 /* Assets.xcassets */ = {isa = PBXFileReference; lastKnownFileType = folder.assetcatalog; path = Assets.xcassets; sourceTree = "<group>"; };
		177085A21CEA4B9C00C189F8 /* Base */ = {isa = PBXFileReference; lastKnownFileType = file.storyboard; name = Base; path = Base.lproj/LaunchScreen.storyboard; sourceTree = "<group>"; };
		177085A41CEA4B9C00C189F8 /* Info.plist */ = {isa = PBXFileReference; lastKnownFileType = text.plist.xml; path = Info.plist; sourceTree = "<group>"; };
		177085A91CEA4B9C00C189F8 /* speedingTests.xctest */ = {isa = PBXFileReference; explicitFileType = wrapper.cfbundle; includeInIndex = 0; path = speedingTests.xctest; sourceTree = BUILT_PRODUCTS_DIR; };
		177085AD1CEA4B9C00C189F8 /* speedingTests.swift */ = {isa = PBXFileReference; lastKnownFileType = sourcecode.swift; path = speedingTests.swift; sourceTree = "<group>"; };
		177085AF1CEA4B9C00C189F8 /* Info.plist */ = {isa = PBXFileReference; lastKnownFileType = text.plist.xml; path = Info.plist; sourceTree = "<group>"; };
		177085B41CEA4B9C00C189F8 /* speedingUITests.xctest */ = {isa = PBXFileReference; explicitFileType = wrapper.cfbundle; includeInIndex = 0; path = speedingUITests.xctest; sourceTree = BUILT_PRODUCTS_DIR; };
		177085B81CEA4B9C00C189F8 /* speedingUITests.swift */ = {isa = PBXFileReference; lastKnownFileType = sourcecode.swift; path = speedingUITests.swift; sourceTree = "<group>"; };
		177085BA1CEA4B9C00C189F8 /* Info.plist */ = {isa = PBXFileReference; lastKnownFileType = text.plist.xml; path = Info.plist; sourceTree = "<group>"; };
		1F2E3ED91D8DE89700E26000 /* Watch.app */ = {isa = PBXFileReference; explicitFileType = wrapper.application; includeInIndex = 0; path = Watch.app; sourceTree = BUILT_PRODUCTS_DIR; };
		1F2E3EE51D8DE89700E26000 /* Watch Extension.appex */ = {isa = PBXFileReference; explicitFileType = "wrapper.app-extension"; includeInIndex = 0; path = "Watch Extension.appex"; sourceTree = BUILT_PRODUCTS_DIR; };
/* End PBXFileReference section */

/* Begin PBXFrameworksBuildPhase section */
		177085921CEA4B9C00C189F8 /* Frameworks */ = {
			isa = PBXFrameworksBuildPhase;
			buildActionMask = 2147483647;
			files = (
			);
			runOnlyForDeploymentPostprocessing = 0;
		};
		177085A61CEA4B9C00C189F8 /* Frameworks */ = {
			isa = PBXFrameworksBuildPhase;
			buildActionMask = 2147483647;
			files = (
			);
			runOnlyForDeploymentPostprocessing = 0;
		};
		177085B11CEA4B9C00C189F8 /* Frameworks */ = {
			isa = PBXFrameworksBuildPhase;
			buildActionMask = 2147483647;
			files = (
			);
			runOnlyForDeploymentPostprocessing = 0;
		};
		1F2E3EE21D8DE89700E26000 /* Frameworks */ = {
			isa = PBXFrameworksBuildPhase;
			buildActionMask = 2147483647;
			files = (
			);
			runOnlyForDeploymentPostprocessing = 0;
		};
/* End PBXFrameworksBuildPhase section */

/* Begin PBXGroup section */
		1770858C1CEA4B9C00C189F8 = {
			isa = PBXGroup;
			children = (
				177085971CEA4B9C00C189F8 /* speeding */,
				177085AC1CEA4B9C00C189F8 /* speedingTests */,
				177085B71CEA4B9C00C189F8 /* speedingUITests */,
				177085961CEA4B9C00C189F8 /* Products */,
			);
			sourceTree = "<group>";
		};
		177085961CEA4B9C00C189F8 /* Products */ = {
			isa = PBXGroup;
			children = (
				177085951CEA4B9C00C189F8 /* speeding.app */,
				177085A91CEA4B9C00C189F8 /* speedingTests.xctest */,
				177085B41CEA4B9C00C189F8 /* speedingUITests.xctest */,
				1F2E3ED91D8DE89700E26000 /* Watch.app */,
				1F2E3EE51D8DE89700E26000 /* Watch Extension.appex */,
			);
			name = Products;
			sourceTree = "<group>";
		};
		177085971CEA4B9C00C189F8 /* speeding */ = {
			isa = PBXGroup;
			children = (
				1770859A1CEA4B9C00C189F8 /* ViewController.swift */,
				1770859C1CEA4B9C00C189F8 /* Main.storyboard */,
				17694E3D1CF0FD2100BAD615 /* questions.swift */,
				17694E3B1CF0D89F00BAD615 /* SettingsTableViewController.swift */,
				1770859F1CEA4B9C00C189F8 /* Assets.xcassets */,
				177085A11CEA4B9C00C189F8 /* LaunchScreen.storyboard */,
				177085981CEA4B9C00C189F8 /* AppDelegate.swift */,
				177085A41CEA4B9C00C189F8 /* Info.plist */,
			);
			path = speeding;
			sourceTree = "<group>";
		};
		177085AC1CEA4B9C00C189F8 /* speedingTests */ = {
			isa = PBXGroup;
			children = (
				177085AD1CEA4B9C00C189F8 /* speedingTests.swift */,
				177085AF1CEA4B9C00C189F8 /* Info.plist */,
			);
			path = speedingTests;
			sourceTree = "<group>";
		};
		177085B71CEA4B9C00C189F8 /* speedingUITests */ = {
			isa = PBXGroup;
			children = (
				177085B81CEA4B9C00C189F8 /* speedingUITests.swift */,
				177085BA1CEA4B9C00C189F8 /* Info.plist */,
			);
			path = speedingUITests;
			sourceTree = "<group>";
		};
/* End PBXGroup section */

/* Begin PBXNativeTarget section */
		177085941CEA4B9C00C189F8 /* speeding */ = {
			isa = PBXNativeTarget;
			buildConfigurationList = 177085BD1CEA4B9C00C189F8 /* Build configuration list for PBXNativeTarget "speeding" */;
			buildPhases = (
				177085911CEA4B9C00C189F8 /* Sources */,
				177085921CEA4B9C00C189F8 /* Frameworks */,
				177085931CEA4B9C00C189F8 /* Resources */,
				1F2E3EFB1D8DE89700E26000 /* Embed Watch Content */,
			);
			buildRules = (
			);
			dependencies = (
			);
			name = speeding;
			productName = speeding;
			productReference = 177085951CEA4B9C00C189F8 /* speeding.app */;
			productType = "com.apple.product-type.application";
		};
		177085A81CEA4B9C00C189F8 /* speedingTests */ = {
			isa = PBXNativeTarget;
			buildConfigurationList = 177085C01CEA4B9C00C189F8 /* Build configuration list for PBXNativeTarget "speedingTests" */;
			buildPhases = (
				177085A51CEA4B9C00C189F8 /* Sources */,
				177085A61CEA4B9C00C189F8 /* Frameworks */,
				177085A71CEA4B9C00C189F8 /* Resources */,
			);
			buildRules = (
			);
			dependencies = (
				177085AB1CEA4B9C00C189F8 /* PBXTargetDependency */,
			);
			name = speedingTests;
			productName = speedingTests;
			productReference = 177085A91CEA4B9C00C189F8 /* speedingTests.xctest */;
			productType = "com.apple.product-type.bundle.unit-test";
		};
		177085B31CEA4B9C00C189F8 /* speedingUITests */ = {
			isa = PBXNativeTarget;
			buildConfigurationList = 177085C31CEA4B9C00C189F8 /* Build configuration list for PBXNativeTarget "speedingUITests" */;
			buildPhases = (
				177085B01CEA4B9C00C189F8 /* Sources */,
				177085B11CEA4B9C00C189F8 /* Frameworks */,
				177085B21CEA4B9C00C189F8 /* Resources */,
			);
			buildRules = (
			);
			dependencies = (
				177085B61CEA4B9C00C189F8 /* PBXTargetDependency */,
			);
			name = speedingUITests;
			productName = speedingUITests;
			productReference = 177085B41CEA4B9C00C189F8 /* speedingUITests.xctest */;
			productType = "com.apple.product-type.bundle.ui-testing";
		};
		1F2E3ED81D8DE89700E26000 /* Watch */ = {
			isa = PBXNativeTarget;
			buildConfigurationList = 1F2E3EF81D8DE89700E26000 /* Build configuration list for PBXNativeTarget "Watch" */;
			buildPhases = (
				1F2E3ED71D8DE89700E26000 /* Resources */,
				1F2E3EF71D8DE89700E26000 /* Embed App Extensions */,
			);
			buildRules = (
			);
			dependencies = (
				1F2E3EE81D8DE89700E26000 /* PBXTargetDependency */,
			);
			name = Watch;
			productName = Watch;
			productReference = 1F2E3ED91D8DE89700E26000 /* Watch.app */;
			productType = "com.apple.product-type.application.watchapp2";
		};
		1F2E3EE41D8DE89700E26000 /* Watch Extension */ = {
			isa = PBXNativeTarget;
			buildConfigurationList = 1F2E3EF41D8DE89700E26000 /* Build configuration list for PBXNativeTarget "Watch Extension" */;
			buildPhases = (
				1F2E3EE11D8DE89700E26000 /* Sources */,
				1F2E3EE21D8DE89700E26000 /* Frameworks */,
				1F2E3EE31D8DE89700E26000 /* Resources */,
			);
			buildRules = (
			);
			dependencies = (
			);
			name = "Watch Extension";
			productName = "Watch Extension";
			productReference = 1F2E3EE51D8DE89700E26000 /* Watch Extension.appex */;
			productType = "com.apple.product-type.watchkit2-extension";
		};
/* End PBXNativeTarget section */

/* Begin PBXProject section */
		1770858D1CEA4B9C00C189F8 /* Project object */ = {
			isa = PBXProject;
			attributes = {
				LastSwiftUpdateCheck = 0800;
				LastUpgradeCheck = 0730;
				ORGANIZATIONNAME = wilksmac;
				TargetAttributes = {
					177085941CEA4B9C00C189F8 = {
						CreatedOnToolsVersion = 7.3.1;
						DevelopmentTeam = X83T84WPSN;
						LastSwiftMigration = 0800;
						SystemCapabilities = {
							com.apple.BackgroundModes = {
								enabled = 1;
							};
						};
					};
					177085A81CEA4B9C00C189F8 = {
						CreatedOnToolsVersion = 7.3.1;
						LastSwiftMigration = 0800;
						TestTargetID = 177085941CEA4B9C00C189F8;
					};
					177085B31CEA4B9C00C189F8 = {
						CreatedOnToolsVersion = 7.3.1;
						LastSwiftMigration = 0800;
						TestTargetID = 177085941CEA4B9C00C189F8;
					};
					1F2E3ED81D8DE89700E26000 = {
						CreatedOnToolsVersion = 8.0;
						ProvisioningStyle = Automatic;
					};
					1F2E3EE41D8DE89700E26000 = {
						CreatedOnToolsVersion = 8.0;
						DevelopmentTeam = X83T84WPSN;
						ProvisioningStyle = Automatic;
					};
				};
			};
			buildConfigurationList = 177085901CEA4B9C00C189F8 /* Build configuration list for PBXProject "speeding" */;
			compatibilityVersion = "Xcode 3.2";
			developmentRegion = English;
			hasScannedForEncodings = 0;
			knownRegions = (
				en,
				Base,
			);
			mainGroup = 1770858C1CEA4B9C00C189F8;
			productRefGroup = 177085961CEA4B9C00C189F8 /* Products */;
			projectDirPath = "";
			projectRoot = "";
			targets = (
				177085941CEA4B9C00C189F8 /* speeding */,
				177085A81CEA4B9C00C189F8 /* speedingTests */,
				177085B31CEA4B9C00C189F8 /* speedingUITests */,
				1F2E3ED81D8DE89700E26000 /* Watch */,
				1F2E3EE41D8DE89700E26000 /* Watch Extension */,
			);
		};
/* End PBXProject section */

/* Begin PBXResourcesBuildPhase section */
		177085931CEA4B9C00C189F8 /* Resources */ = {
			isa = PBXResourcesBuildPhase;
			buildActionMask = 2147483647;
			files = (
				177085A31CEA4B9C00C189F8 /* LaunchScreen.storyboard in Resources */,
				177085A01CEA4B9C00C189F8 /* Assets.xcassets in Resources */,
				1770859E1CEA4B9C00C189F8 /* Main.storyboard in Resources */,
			);
			runOnlyForDeploymentPostprocessing = 0;
		};
		177085A71CEA4B9C00C189F8 /* Resources */ = {
			isa = PBXResourcesBuildPhase;
			buildActionMask = 2147483647;
			files = (
			);
			runOnlyForDeploymentPostprocessing = 0;
		};
		177085B21CEA4B9C00C189F8 /* Resources */ = {
			isa = PBXResourcesBuildPhase;
			buildActionMask = 2147483647;
			files = (
			);
			runOnlyForDeploymentPostprocessing = 0;
		};
		1F2E3ED71D8DE89700E26000 /* Resources */ = {
			isa = PBXResourcesBuildPhase;
			buildActionMask = 2147483647;
			files = (
			);
			runOnlyForDeploymentPostprocessing = 0;
		};
		1F2E3EE31D8DE89700E26000 /* Resources */ = {
			isa = PBXResourcesBuildPhase;
			buildActionMask = 2147483647;
			files = (
			);
			runOnlyForDeploymentPostprocessing = 0;
		};
/* End PBXResourcesBuildPhase section */

/* Begin PBXSourcesBuildPhase section */
		177085911CEA4B9C00C189F8 /* Sources */ = {
			isa = PBXSourcesBuildPhase;
			buildActionMask = 2147483647;
			files = (
				17694E3C1CF0D89F00BAD615 /* SettingsTableViewController.swift in Sources */,
				17694E3E1CF0FD2100BAD615 /* questions.swift in Sources */,
				1770859B1CEA4B9C00C189F8 /* ViewController.swift in Sources */,
				177085991CEA4B9C00C189F8 /* AppDelegate.swift in Sources */,
			);
			runOnlyForDeploymentPostprocessing = 0;
		};
		177085A51CEA4B9C00C189F8 /* Sources */ = {
			isa = PBXSourcesBuildPhase;
			buildActionMask = 2147483647;
			files = (
				177085AE1CEA4B9C00C189F8 /* speedingTests.swift in Sources */,
			);
			runOnlyForDeploymentPostprocessing = 0;
		};
		177085B01CEA4B9C00C189F8 /* Sources */ = {
			isa = PBXSourcesBuildPhase;
			buildActionMask = 2147483647;
			files = (
				177085B91CEA4B9C00C189F8 /* speedingUITests.swift in Sources */,
			);
			runOnlyForDeploymentPostprocessing = 0;
		};
		1F2E3EE11D8DE89700E26000 /* Sources */ = {
			isa = PBXSourcesBuildPhase;
			buildActionMask = 2147483647;
			files = (
			);
			runOnlyForDeploymentPostprocessing = 0;
		};
/* End PBXSourcesBuildPhase section */

/* Begin PBXTargetDependency section */
		177085AB1CEA4B9C00C189F8 /* PBXTargetDependency */ = {
			isa = PBXTargetDependency;
			target = 177085941CEA4B9C00C189F8 /* speeding */;
			targetProxy = 177085AA1CEA4B9C00C189F8 /* PBXContainerItemProxy */;
		};
		177085B61CEA4B9C00C189F8 /* PBXTargetDependency */ = {
			isa = PBXTargetDependency;
			target = 177085941CEA4B9C00C189F8 /* speeding */;
			targetProxy = 177085B51CEA4B9C00C189F8 /* PBXContainerItemProxy */;
		};
		1F2E3EE81D8DE89700E26000 /* PBXTargetDependency */ = {
			isa = PBXTargetDependency;
			target = 1F2E3EE41D8DE89700E26000 /* Watch Extension */;
			targetProxy = 1F2E3EE71D8DE89700E26000 /* PBXContainerItemProxy */;
		};
/* End PBXTargetDependency section */

/* Begin PBXVariantGroup section */
		1770859C1CEA4B9C00C189F8 /* Main.storyboard */ = {
			isa = PBXVariantGroup;
			children = (
				1770859D1CEA4B9C00C189F8 /* Base */,
			);
			name = Main.storyboard;
			sourceTree = "<group>";
		};
		177085A11CEA4B9C00C189F8 /* LaunchScreen.storyboard */ = {
			isa = PBXVariantGroup;
			children = (
				177085A21CEA4B9C00C189F8 /* Base */,
			);
			name = LaunchScreen.storyboard;
			sourceTree = "<group>";
		};
/* End PBXVariantGroup section */

/* Begin XCBuildConfiguration section */
		177085BB1CEA4B9C00C189F8 /* Debug */ = {
			isa = XCBuildConfiguration;
			buildSettings = {
				ALWAYS_SEARCH_USER_PATHS = NO;
				CLANG_ANALYZER_NONNULL = YES;
				CLANG_CXX_LANGUAGE_STANDARD = "gnu++0x";
				CLANG_CXX_LIBRARY = "libc++";
				CLANG_ENABLE_MODULES = YES;
				CLANG_ENABLE_OBJC_ARC = YES;
				CLANG_WARN_BOOL_CONVERSION = YES;
				CLANG_WARN_CONSTANT_CONVERSION = YES;
				CLANG_WARN_DIRECT_OBJC_ISA_USAGE = YES_ERROR;
				CLANG_WARN_EMPTY_BODY = YES;
				CLANG_WARN_ENUM_CONVERSION = YES;
				CLANG_WARN_INT_CONVERSION = YES;
				CLANG_WARN_OBJC_ROOT_CLASS = YES_ERROR;
				CLANG_WARN_UNREACHABLE_CODE = YES;
				CLANG_WARN__DUPLICATE_METHOD_MATCH = YES;
				"CODE_SIGN_IDENTITY[sdk=iphoneos*]" = "iPhone Developer";
				COPY_PHASE_STRIP = NO;
				DEBUG_INFORMATION_FORMAT = dwarf;
				ENABLE_STRICT_OBJC_MSGSEND = YES;
				ENABLE_TESTABILITY = YES;
				GCC_C_LANGUAGE_STANDARD = gnu99;
				GCC_DYNAMIC_NO_PIC = NO;
				GCC_NO_COMMON_BLOCKS = YES;
				GCC_OPTIMIZATION_LEVEL = 0;
				GCC_PREPROCESSOR_DEFINITIONS = (
					"DEBUG=1",
					"$(inherited)",
				);
				GCC_WARN_64_TO_32_BIT_CONVERSION = YES;
				GCC_WARN_ABOUT_RETURN_TYPE = YES_ERROR;
				GCC_WARN_UNDECLARED_SELECTOR = YES;
				GCC_WARN_UNINITIALIZED_AUTOS = YES_AGGRESSIVE;
				GCC_WARN_UNUSED_FUNCTION = YES;
				GCC_WARN_UNUSED_VARIABLE = YES;
				IPHONEOS_DEPLOYMENT_TARGET = 9.3;
				MTL_ENABLE_DEBUG_INFO = YES;
				ONLY_ACTIVE_ARCH = YES;
				SDKROOT = iphoneos;
				SWIFT_OPTIMIZATION_LEVEL = "-Onone";
			};
			name = Debug;
		};
		177085BC1CEA4B9C00C189F8 /* Release */ = {
			isa = XCBuildConfiguration;
			buildSettings = {
				ALWAYS_SEARCH_USER_PATHS = NO;
				CLANG_ANALYZER_NONNULL = YES;
				CLANG_CXX_LANGUAGE_STANDARD = "gnu++0x";
				CLANG_CXX_LIBRARY = "libc++";
				CLANG_ENABLE_MODULES = YES;
				CLANG_ENABLE_OBJC_ARC = YES;
				CLANG_WARN_BOOL_CONVERSION = YES;
				CLANG_WARN_CONSTANT_CONVERSION = YES;
				CLANG_WARN_DIRECT_OBJC_ISA_USAGE = YES_ERROR;
				CLANG_WARN_EMPTY_BODY = YES;
				CLANG_WARN_ENUM_CONVERSION = YES;
				CLANG_WARN_INT_CONVERSION = YES;
				CLANG_WARN_OBJC_ROOT_CLASS = YES_ERROR;
				CLANG_WARN_UNREACHABLE_CODE = YES;
				CLANG_WARN__DUPLICATE_METHOD_MATCH = YES;
				"CODE_SIGN_IDENTITY[sdk=iphoneos*]" = "iPhone Developer";
				COPY_PHASE_STRIP = NO;
				DEBUG_INFORMATION_FORMAT = "dwarf-with-dsym";
				ENABLE_NS_ASSERTIONS = NO;
				ENABLE_STRICT_OBJC_MSGSEND = YES;
				GCC_C_LANGUAGE_STANDARD = gnu99;
				GCC_NO_COMMON_BLOCKS = YES;
				GCC_WARN_64_TO_32_BIT_CONVERSION = YES;
				GCC_WARN_ABOUT_RETURN_TYPE = YES_ERROR;
				GCC_WARN_UNDECLARED_SELECTOR = YES;
				GCC_WARN_UNINITIALIZED_AUTOS = YES_AGGRESSIVE;
				GCC_WARN_UNUSED_FUNCTION = YES;
				GCC_WARN_UNUSED_VARIABLE = YES;
				IPHONEOS_DEPLOYMENT_TARGET = 9.3;
				MTL_ENABLE_DEBUG_INFO = NO;
				SDKROOT = iphoneos;
				VALIDATE_PRODUCT = YES;
			};
			name = Release;
		};
		177085BE1CEA4B9C00C189F8 /* Debug */ = {
			isa = XCBuildConfiguration;
			buildSettings = {
				ASSETCATALOG_COMPILER_APPICON_NAME = AppIcon;
				CODE_SIGN_IDENTITY = "iPhone Developer";
				INFOPLIST_FILE = speeding/Info.plist;
				IPHONEOS_DEPLOYMENT_TARGET = 9.0;
				LD_RUNPATH_SEARCH_PATHS = "$(inherited) @executable_path/Frameworks";
				PRODUCT_BUNDLE_IDENTIFIER = com.justwilks.speeding;
				PRODUCT_NAME = "$(TARGET_NAME)";
				SWIFT_VERSION = 3.0;
				TARGETED_DEVICE_FAMILY = 1;
			};
			name = Debug;
		};
		177085BF1CEA4B9C00C189F8 /* Release */ = {
			isa = XCBuildConfiguration;
			buildSettings = {
				ASSETCATALOG_COMPILER_APPICON_NAME = AppIcon;
				CODE_SIGN_IDENTITY = "iPhone Developer";
				INFOPLIST_FILE = speeding/Info.plist;
				IPHONEOS_DEPLOYMENT_TARGET = 9.0;
				LD_RUNPATH_SEARCH_PATHS = "$(inherited) @executable_path/Frameworks";
				PRODUCT_BUNDLE_IDENTIFIER = com.justwilks.speeding;
				PRODUCT_NAME = "$(TARGET_NAME)";
				SWIFT_VERSION = 3.0;
				TARGETED_DEVICE_FAMILY = 1;
			};
			name = Release;
		};
		177085C11CEA4B9C00C189F8 /* Debug */ = {
			isa = XCBuildConfiguration;
			buildSettings = {
				BUNDLE_LOADER = "$(TEST_HOST)";
				INFOPLIST_FILE = speedingTests/Info.plist;
				LD_RUNPATH_SEARCH_PATHS = "$(inherited) @executable_path/Frameworks @loader_path/Frameworks";
				PRODUCT_BUNDLE_IDENTIFIER = com.justwilks.speedingTests;
				PRODUCT_NAME = "$(TARGET_NAME)";
				SWIFT_VERSION = 3.0;
				TEST_HOST = "$(BUILT_PRODUCTS_DIR)/speeding.app/speeding";
			};
			name = Debug;
		};
		177085C21CEA4B9C00C189F8 /* Release */ = {
			isa = XCBuildConfiguration;
			buildSettings = {
				BUNDLE_LOADER = "$(TEST_HOST)";
				INFOPLIST_FILE = speedingTests/Info.plist;
				LD_RUNPATH_SEARCH_PATHS = "$(inherited) @executable_path/Frameworks @loader_path/Frameworks";
				PRODUCT_BUNDLE_IDENTIFIER = com.justwilks.speedingTests;
				PRODUCT_NAME = "$(TARGET_NAME)";
				SWIFT_VERSION = 3.0;
				TEST_HOST = "$(BUILT_PRODUCTS_DIR)/speeding.app/speeding";
			};
			name = Release;
		};
		177085C41CEA4B9C00C189F8 /* Debug */ = {
			isa = XCBuildConfiguration;
			buildSettings = {
				INFOPLIST_FILE = speedingUITests/Info.plist;
				LD_RUNPATH_SEARCH_PATHS = "$(inherited) @executable_path/Frameworks @loader_path/Frameworks";
				PRODUCT_BUNDLE_IDENTIFIER = com.justwilks.speedingUITests;
				PRODUCT_NAME = "$(TARGET_NAME)";
				SWIFT_VERSION = 3.0;
				TEST_TARGET_NAME = speeding;
			};
			name = Debug;
		};
		177085C51CEA4B9C00C189F8 /* Release */ = {
			isa = XCBuildConfiguration;
			buildSettings = {
				INFOPLIST_FILE = speedingUITests/Info.plist;
				LD_RUNPATH_SEARCH_PATHS = "$(inherited) @executable_path/Frameworks @loader_path/Frameworks";
				PRODUCT_BUNDLE_IDENTIFIER = com.justwilks.speedingUITests;
				PRODUCT_NAME = "$(TARGET_NAME)";
				SWIFT_VERSION = 3.0;
				TEST_TARGET_NAME = speeding;
			};
			name = Release;
		};
		1F2E3EF51D8DE89700E26000 /* Debug */ = {
			isa = XCBuildConfiguration;
			buildSettings = {
				ASSETCATALOG_COMPILER_COMPLICATION_NAME = Complication;
				CLANG_WARN_DOCUMENTATION_COMMENTS = YES;
				CLANG_WARN_INFINITE_RECURSION = YES;
				CLANG_WARN_SUSPICIOUS_MOVES = YES;
				DEVELOPMENT_TEAM = X83T84WPSN;
				INFOPLIST_FILE = "Watch Extension/Info.plist";
				LD_RUNPATH_SEARCH_PATHS = "$(inherited) @executable_path/Frameworks @executable_path/../../Frameworks";
				PRODUCT_BUNDLE_IDENTIFIER = com.justwilks.speeding.watchkitapp.watchkitextension;
				PRODUCT_NAME = "${TARGET_NAME}";
				SDKROOT = watchos;
				SKIP_INSTALL = YES;
				SWIFT_ACTIVE_COMPILATION_CONDITIONS = DEBUG;
				SWIFT_VERSION = 3.0;
				TARGETED_DEVICE_FAMILY = 4;
				WATCHOS_DEPLOYMENT_TARGET = 3.0;
			};
			name = Debug;
		};
		1F2E3EF61D8DE89700E26000 /* Release */ = {
			isa = XCBuildConfiguration;
			buildSettings = {
				ASSETCATALOG_COMPILER_COMPLICATION_NAME = Complication;
				CLANG_WARN_DOCUMENTATION_COMMENTS = YES;
				CLANG_WARN_INFINITE_RECURSION = YES;
				CLANG_WARN_SUSPICIOUS_MOVES = YES;
				DEVELOPMENT_TEAM = X83T84WPSN;
				INFOPLIST_FILE = "Watch Extension/Info.plist";
				LD_RUNPATH_SEARCH_PATHS = "$(inherited) @executable_path/Frameworks @executable_path/../../Frameworks";
				PRODUCT_BUNDLE_IDENTIFIER = com.justwilks.speeding.watchkitapp.watchkitextension;
				PRODUCT_NAME = "${TARGET_NAME}";
				SDKROOT = watchos;
				SKIP_INSTALL = YES;
				SWIFT_OPTIMIZATION_LEVEL = "-Owholemodule";
				SWIFT_VERSION = 3.0;
				TARGETED_DEVICE_FAMILY = 4;
				WATCHOS_DEPLOYMENT_TARGET = 3.0;
			};
			name = Release;
		};
		1F2E3EF91D8DE89700E26000 /* Debug */ = {
			isa = XCBuildConfiguration;
			buildSettings = {
				ASSETCATALOG_COMPILER_APPICON_NAME = AppIcon;
				CLANG_WARN_DOCUMENTATION_COMMENTS = YES;
				CLANG_WARN_INFINITE_RECURSION = YES;
				CLANG_WARN_SUSPICIOUS_MOVES = YES;
				CODE_SIGN_IDENTITY = "iPhone Developer";
				IBSC_MODULE = Watch_Extension;
				INFOPLIST_FILE = Watch/Info.plist;
				PRODUCT_BUNDLE_IDENTIFIER = com.justwilks.speeding.watchkitapp;
				PRODUCT_NAME = "$(TARGET_NAME)";
				SDKROOT = watchos;
				SKIP_INSTALL = YES;
				SWIFT_ACTIVE_COMPILATION_CONDITIONS = DEBUG;
				SWIFT_VERSION = 3.0;
				TARGETED_DEVICE_FAMILY = 4;
				WATCHOS_DEPLOYMENT_TARGET = 3.0;
			};
			name = Debug;
		};
		1F2E3EFA1D8DE89700E26000 /* Release */ = {
			isa = XCBuildConfiguration;
			buildSettings = {
				ASSETCATALOG_COMPILER_APPICON_NAME = AppIcon;
				CLANG_WARN_DOCUMENTATION_COMMENTS = YES;
				CLANG_WARN_INFINITE_RECURSION = YES;
				CLANG_WARN_SUSPICIOUS_MOVES = YES;
				CODE_SIGN_IDENTITY = "iPhone Developer";
				IBSC_MODULE = Watch_Extension;
				INFOPLIST_FILE = Watch/Info.plist;
				PRODUCT_BUNDLE_IDENTIFIER = com.justwilks.speeding.watchkitapp;
				PRODUCT_NAME = "$(TARGET_NAME)";
				SDKROOT = watchos;
				SKIP_INSTALL = YES;
				SWIFT_OPTIMIZATION_LEVEL = "-Owholemodule";
				SWIFT_VERSION = 3.0;
				TARGETED_DEVICE_FAMILY = 4;
				WATCHOS_DEPLOYMENT_TARGET = 3.0;
			};
			name = Release;
		};
/* End XCBuildConfiguration section */

/* Begin XCConfigurationList section */
		177085901CEA4B9C00C189F8 /* Build configuration list for PBXProject "speeding" */ = {
			isa = XCConfigurationList;
			buildConfigurations = (
				177085BB1CEA4B9C00C189F8 /* Debug */,
				177085BC1CEA4B9C00C189F8 /* Release */,
			);
			defaultConfigurationIsVisible = 0;
			defaultConfigurationName = Release;
		};
		177085BD1CEA4B9C00C189F8 /* Build configuration list for PBXNativeTarget "speeding" */ = {
			isa = XCConfigurationList;
			buildConfigurations = (
				177085BE1CEA4B9C00C189F8 /* Debug */,
				177085BF1CEA4B9C00C189F8 /* Release */,
			);
			defaultConfigurationIsVisible = 0;
			defaultConfigurationName = Release;
		};
		177085C01CEA4B9C00C189F8 /* Build configuration list for PBXNativeTarget "speedingTests" */ = {
			isa = XCConfigurationList;
			buildConfigurations = (
				177085C11CEA4B9C00C189F8 /* Debug */,
				177085C21CEA4B9C00C189F8 /* Release */,
			);
			defaultConfigurationIsVisible = 0;
			defaultConfigurationName = Release;
		};
		177085C31CEA4B9C00C189F8 /* Build configuration list for PBXNativeTarget "speedingUITests" */ = {
			isa = XCConfigurationList;
			buildConfigurations = (
				177085C41CEA4B9C00C189F8 /* Debug */,
				177085C51CEA4B9C00C189F8 /* Release */,
			);
			defaultConfigurationIsVisible = 0;
			defaultConfigurationName = Release;
		};
		1F2E3EF41D8DE89700E26000 /* Build configuration list for PBXNativeTarget "Watch Extension" */ = {
			isa = XCConfigurationList;
			buildConfigurations = (
				1F2E3EF51D8DE89700E26000 /* Debug */,
				1F2E3EF61D8DE89700E26000 /* Release */,
			);
			defaultConfigurationIsVisible = 0;
			defaultConfigurationName = Release;
		};
		1F2E3EF81D8DE89700E26000 /* Build configuration list for PBXNativeTarget "Watch" */ = {
			isa = XCConfigurationList;
			buildConfigurations = (
				1F2E3EF91D8DE89700E26000 /* Debug */,
				1F2E3EFA1D8DE89700E26000 /* Release */,
			);
			defaultConfigurationIsVisible = 0;
			defaultConfigurationName = Release;
		};
/* End XCConfigurationList section */
	};
	rootObject = 1770858D1CEA4B9C00C189F8 /* Project object */;
}
